
Microsoft Visual Studio Solution File, Format Version 12.00
# Visual Studio Version 17
VisualStudioVersion = 17.4.33205.214
MinimumVisualStudioVersion = 10.0.40219.1
Project("{FAE04EC0-301F-11D3-BF4B-00C04F79EFBC}") = "B1FormsApp1", "B1FormsApp1.csproj", "{D43149F5-9E81-46EA-BC6A-E82E38E2C42E}"
EndProject
Project("{2150E333-8FDC-42A3-9474-1A3956D46DE8}") = "Solution Items", "Solution Items", "{DACE574D-DBC7-4FE5-B5E9-D83E1D8022CA}"
	ProjectSection(SolutionItems) = preProject
		.editorconfig = .editorconfig
		TextFile1.txt = TextFile1.txt
	EndProjectSection
EndProject
Global
	GlobalSection(SolutionConfigurationPlatforms) = preSolution
		Debug|Any CPU = Debug|Any CPU
		Release|Any CPU = Release|Any CPU
	EndGlobalSection
	GlobalSection(ProjectConfigurationPlatforms) = postSolution
		{D43149F5-9E81-46EA-BC6A-E82E38E2C42E}.Debug|Any CPU.ActiveCfg = Debug|Any CPU
		{D43149F5-9E81-46EA-BC6A-E82E38E2C42E}.Debug|Any CPU.Build.0 = Debug|Any CPU
		{D43149F5-9E81-46EA-BC6A-E82E38E2C42E}.Release|Any CPU.ActiveCfg = Release|Any CPU
		{D43149F5-9E81-46EA-BC6A-E82E38E2C42E}.Release|Any CPU.Build.0 = Release|Any CPU
	EndGlobalSection
	GlobalSection(SolutionProperties) = preSolution
		HideSolutionNode = FALSE
	EndGlobalSection
	GlobalSection(ExtensibilityGlobals) = postSolution
		SolutionGuid = {15FC4C39-021D-48A8-8430-9884B8E570D5}
	EndGlobalSection
EndGlobal
